
Microsoft Visual Studio Solution File, Format Version 12.00
# Visual Studio Version 17
VisualStudioVersion = 17.8.34525.116
MinimumVisualStudioVersion = 10.0.40219.1
Project("{FAE04EC0-301F-11D3-BF4B-00C04F79EFBC}") = "SafeEye.Domain", "src\SafeEye.Domain\SafeEye.Domain.csproj", "{1A2B3C4D-5E6F-7890-ABCD-EF0123456789}"
EndProject
Project("{FAE04EC0-301F-11D3-BF4B-00C04F79EFBC}") = "SafeEye.Application", "src\SafeEye.Application\SafeEye.Application.csproj", "{2B3C4D5E-6F7A-8901-BCDE-F01234567890}"
EndProject
Project("{FAE04EC0-301F-11D3-BF4B-00C04F79EFBC}") = "SafeEye.Infrastructure", "src\SafeEye.Infrastructure\SafeEye.Infrastructure.csproj", "{3C4D5E6F-7A8B-9012-CDEF-012345678901}"
EndProject
Project("{FAE04EC0-301F-11D3-BF4B-00C04F79EFBC}") = "SafeEye.API", "src\SafeEye.API\SafeEye.API.csproj", "{4D5E6F7A-8B9C-0123-DEF0-123456789012}"
EndProject
Global
	GlobalSection(SolutionConfigurationPlatforms) = preSolution
		Debug|Any CPU = Debug|Any CPU
		Debug|x64 = Debug|x64
		Debug|x86 = Debug|x86
		Release|Any CPU = Release|Any CPU
		Release|x64 = Release|x64
		Release|x86 = Release|x86
	EndGlobalSection
	GlobalSection(ProjectConfigurationPlatforms) = postSolution
		{1A2B3C4D-5E6F-7890-ABCD-EF0123456789}.Debug|Any CPU.ActiveCfg = Debug|Any CPU
		{1A2B3C4D-5E6F-7890-ABCD-EF0123456789}.Debug|Any CPU.Build.0 = Debug|Any CPU
		{1A2B3C4D-5E6F-7890-ABCD-EF0123456789}.Debug|x64.ActiveCfg = Debug|Any CPU
		{1A2B3C4D-5E6F-7890-ABCD-EF0123456789}.Debug|x64.Build.0 = Debug|Any CPU
		{1A2B3C4D-5E6F-7890-ABCD-EF0123456789}.Debug|x86.ActiveCfg = Debug|Any CPU
		{1A2B3C4D-5E6F-7890-ABCD-EF0123456789}.Debug|x86.Build.0 = Debug|Any CPU
		{1A2B3C4D-5E6F-7890-ABCD-EF0123456789}.Release|Any CPU.ActiveCfg = Release|Any CPU
		{1A2B3C4D-5E6F-7890-ABCD-EF0123456789}.Release|Any CPU.Build.0 = Release|Any CPU
		{1A2B3C4D-5E6F-7890-ABCD-EF0123456789}.Release|x64.ActiveCfg = Release|Any CPU
		{1A2B3C4D-5E6F-7890-ABCD-EF0123456789}.Release|x64.Build.0 = Release|Any CPU
		{1A2B3C4D-5E6F-7890-ABCD-EF0123456789}.Release|x86.ActiveCfg = Release|Any CPU
		{1A2B3C4D-5E6F-7890-ABCD-EF0123456789}.Release|x86.Build.0 = Release|Any CPU
		{2B3C4D5E-6F7A-8901-BCDE-F01234567890}.Debug|Any CPU.ActiveCfg = Debug|Any CPU
		{2B3C4D5E-6F7A-8901-BCDE-F01234567890}.Debug|Any CPU.Build.0 = Debug|Any CPU
		{2B3C4D5E-6F7A-8901-BCDE-F01234567890}.Debug|x64.ActiveCfg = Debug|Any CPU
		{2B3C4D5E-6F7A-8901-BCDE-F01234567890}.Debug|x64.Build.0 = Debug|Any CPU
		{2B3C4D5E-6F7A-8901-BCDE-F01234567890}.Debug|x86.ActiveCfg = Debug|Any CPU
		{2B3C4D5E-6F7A-8901-BCDE-F01234567890}.Debug|x86.Build.0 = Debug|Any CPU
		{2B3C4D5E-6F7A-8901-BCDE-F01234567890}.Release|Any CPU.ActiveCfg = Release|Any CPU
		{2B3C4D5E-6F7A-8901-BCDE-F01234567890}.Release|Any CPU.Build.0 = Release|Any CPU
		{2B3C4D5E-6F7A-8901-BCDE-F01234567890}.Release|x64.ActiveCfg = Release|Any CPU
		{2B3C4D5E-6F7A-8901-BCDE-F01234567890}.Release|x64.Build.0 = Release|Any CPU
		{2B3C4D5E-6F7A-8901-BCDE-F01234567890}.Release|x86.ActiveCfg = Release|Any CPU
		{2B3C4D5E-6F7A-8901-BCDE-F01234567890}.Release|x86.Build.0 = Release|Any CPU
		{3C4D5E6F-7A8B-9012-CDEF-012345678901}.Debug|Any CPU.ActiveCfg = Debug|Any CPU
		{3C4D5E6F-7A8B-9012-CDEF-012345678901}.Debug|Any CPU.Build.0 = Debug|Any CPU
		{3C4D5E6F-7A8B-9012-CDEF-012345678901}.Debug|x64.ActiveCfg = Debug|Any CPU
		{3C4D5E6F-7A8B-9012-CDEF-012345678901}.Debug|x64.Build.0 = Debug|Any CPU
		{3C4D5E6F-7A8B-9012-CDEF-012345678901}.Debug|x86.ActiveCfg = Debug|Any CPU
		{3C4D5E6F-7A8B-9012-CDEF-012345678901}.Debug|x86.Build.0 = Debug|Any CPU
		{3C4D5E6F-7A8B-9012-CDEF-012345678901}.Release|Any CPU.ActiveCfg = Release|Any CPU
		{3C4D5E6F-7A8B-9012-CDEF-012345678901}.Release|Any CPU.Build.0 = Release|Any CPU
		{3C4D5E6F-7A8B-9012-CDEF-012345678901}.Release|x64.ActiveCfg = Release|Any CPU
		{3C4D5E6F-7A8B-9012-CDEF-012345678901}.Release|x64.Build.0 = Release|Any CPU
		{3C4D5E6F-7A8B-9012-CDEF-012345678901}.Release|x86.ActiveCfg = Release|Any CPU
		{3C4D5E6F-7A8B-9012-CDEF-012345678901}.Release|x86.Build.0 = Release|Any CPU
		{4D5E6F7A-8B9C-0123-DEF0-123456789012}.Debug|Any CPU.ActiveCfg = Debug|Any CPU
		{4D5E6F7A-8B9C-0123-DEF0-123456789012}.Debug|Any CPU.Build.0 = Debug|Any CPU
		{4D5E6F7A-8B9C-0123-DEF0-123456789012}.Debug|x64.ActiveCfg = Debug|Any CPU
		{4D5E6F7A-8B9C-0123-DEF0-123456789012}.Debug|x64.Build.0 = Debug|Any CPU
		{4D5E6F7A-8B9C-0123-DEF0-123456789012}.Debug|x86.ActiveCfg = Debug|Any CPU
		{4D5E6F7A-8B9C-0123-DEF0-123456789012}.Debug|x86.Build.0 = Debug|Any CPU
		{4D5E6F7A-8B9C-0123-DEF0-123456789012}.Release|Any CPU.ActiveCfg = Release|Any CPU
		{4D5E6F7A-8B9C-0123-DEF0-123456789012}.Release|Any CPU.Build.0 = Release|Any CPU
		{4D5E6F7A-8B9C-0123-DEF0-123456789012}.Release|x64.ActiveCfg = Release|Any CPU
		{4D5E6F7A-8B9C-0123-DEF0-123456789012}.Release|x64.Build.0 = Release|Any CPU
		{4D5E6F7A-8B9C-0123-DEF0-123456789012}.Release|x86.ActiveCfg = Release|Any CPU
		{4D5E6F7A-8B9C-0123-DEF0-123456789012}.Release|x86.Build.0 = Release|Any CPU
	EndGlobalSection
	GlobalSection(SolutionProperties) = preSolution
		HideSolutionNode = FALSE
	EndGlobalSection
EndGlobal
